
Microsoft Visual Studio Solution File, Format Version 12.00
# Visual Studio 14
VisualStudioVersion = 14.0.23107.0
MinimumVisualStudioVersion = 10.0.40219.1
Project("{FAE04EC0-301F-11D3-BF4B-00C04F79EFBC}") = "VsTypeScriptProjectExample", "VsTypeScriptProjectExample\VsTypeScriptProjectExample.csproj", "{1757A495-2D46-4C82-9762-E3B9063A5B9B}"
EndProject
Project("{FAE04EC0-301F-11D3-BF4B-00C04F79EFBC}") = "VsTypeScriptProjectExample.JS", "VsTypeScriptProjectExample.JS\VsTypeScriptProjectExample.JS.csproj", "{4DAA9F31-ABF2-4504-8592-8A05276744E4}"
EndProject
Global
	GlobalSection(SolutionConfigurationPlatforms) = preSolution
		Debug|Any CPU = Debug|Any CPU
		Release|Any CPU = Release|Any CPU
	EndGlobalSection
	GlobalSection(ProjectConfigurationPlatforms) = postSolution
		{1757A495-2D46-4C82-9762-E3B9063A5B9B}.Debug|Any CPU.ActiveCfg = Debug|Any CPU
		{1757A495-2D46-4C82-9762-E3B9063A5B9B}.Debug|Any CPU.Build.0 = Debug|Any CPU
		{1757A495-2D46-4C82-9762-E3B9063A5B9B}.Release|Any CPU.ActiveCfg = Release|Any CPU
		{1757A495-2D46-4C82-9762-E3B9063A5B9B}.Release|Any CPU.Build.0 = Release|Any CPU
		{4DAA9F31-ABF2-4504-8592-8A05276744E4}.Debug|Any CPU.ActiveCfg = Debug|Any CPU
		{4DAA9F31-ABF2-4504-8592-8A05276744E4}.Debug|Any CPU.Build.0 = Debug|Any CPU
		{4DAA9F31-ABF2-4504-8592-8A05276744E4}.Release|Any CPU.ActiveCfg = Release|Any CPU
		{4DAA9F31-ABF2-4504-8592-8A05276744E4}.Release|Any CPU.Build.0 = Release|Any CPU
	EndGlobalSection
	GlobalSection(SolutionProperties) = preSolution
		HideSolutionNode = FALSE
	EndGlobalSection
EndGlobal
